// !$*UTF8*$!
{
	archiveVersion = 1;
	classes = {
	};
	objectVersion = 56;
	objects = {

/* Begin PBXBuildFile section */
		5A2473802A724DE60046F538 /* Numbers.stringsdict in Resources */ = {isa = PBXBuildFile; fileRef = 5A2473822A724DE60046F538 /* Numbers.stringsdict */; };
		5A5D3F642A69B8990073068C /* AppDelegate.swift in Sources */ = {isa = PBXBuildFile; fileRef = 5A5D3F632A69B8990073068C /* AppDelegate.swift */; };
		5A5D3F662A69B8990073068C /* SceneDelegate.swift in Sources */ = {isa = PBXBuildFile; fileRef = 5A5D3F652A69B8990073068C /* SceneDelegate.swift */; };
		5A5D3F682A69B8990073068C /* ViewController.swift in Sources */ = {isa = PBXBuildFile; fileRef = 5A5D3F672A69B8990073068C /* ViewController.swift */; };
		5A5D3F6B2A69B8990073068C /* Main.storyboard in Resources */ = {isa = PBXBuildFile; fileRef = 5A5D3F692A69B8990073068C /* Main.storyboard */; };
		5A5D3F6D2A69B89A0073068C /* Assets.xcassets in Resources */ = {isa = PBXBuildFile; fileRef = 5A5D3F6C2A69B89A0073068C /* Assets.xcassets */; };
		5A5D3F702A69B89A0073068C /* LaunchScreen.storyboard in Resources */ = {isa = PBXBuildFile; fileRef = 5A5D3F6E2A69B89A0073068C /* LaunchScreen.storyboard */; };
		5A703F8A2A727F2100BBBA43 /* Localizable.strings in Resources */ = {isa = PBXBuildFile; fileRef = 5A703F8C2A727F2100BBBA43 /* Localizable.strings */; };
/* End PBXBuildFile section */

/* Begin PBXFileReference section */
		5A2473732A69BB530046F538 /* ru */ = {isa = PBXFileReference; lastKnownFileType = text.plist.strings; name = ru; path = ru.lproj/Main.strings; sourceTree = "<group>"; };
		5A2473742A69BB530046F538 /* ru */ = {isa = PBXFileReference; lastKnownFileType = text.plist.strings; name = ru; path = ru.lproj/LaunchScreen.strings; sourceTree = "<group>"; };
		5A2473752A69BB680046F538 /* de */ = {isa = PBXFileReference; lastKnownFileType = text.plist.strings; name = de; path = de.lproj/Main.strings; sourceTree = "<group>"; };
		5A2473762A69BB680046F538 /* de */ = {isa = PBXFileReference; lastKnownFileType = text.plist.strings; name = de; path = de.lproj/LaunchScreen.strings; sourceTree = "<group>"; };
		5A2473812A724DE60046F538 /* en */ = {isa = PBXFileReference; lastKnownFileType = text.plist.stringsdict; name = en; path = en.lproj/Numbers.stringsdict; sourceTree = "<group>"; };
		5A2473832A724DEB0046F538 /* de */ = {isa = PBXFileReference; lastKnownFileType = text.plist.stringsdict; name = de; path = de.lproj/Numbers.stringsdict; sourceTree = "<group>"; };
		5A2473842A724DEC0046F538 /* ru */ = {isa = PBXFileReference; lastKnownFileType = text.plist.stringsdict; name = ru; path = ru.lproj/Numbers.stringsdict; sourceTree = "<group>"; };
		5A5D3F602A69B8990073068C /* PolyglotFly.app */ = {isa = PBXFileReference; explicitFileType = wrapper.application; includeInIndex = 0; path = PolyglotFly.app; sourceTree = BUILT_PRODUCTS_DIR; };
		5A5D3F632A69B8990073068C /* AppDelegate.swift */ = {isa = PBXFileReference; lastKnownFileType = sourcecode.swift; path = AppDelegate.swift; sourceTree = "<group>"; };
		5A5D3F652A69B8990073068C /* SceneDelegate.swift */ = {isa = PBXFileReference; lastKnownFileType = sourcecode.swift; path = SceneDelegate.swift; sourceTree = "<group>"; };
		5A5D3F672A69B8990073068C /* ViewController.swift */ = {isa = PBXFileReference; lastKnownFileType = sourcecode.swift; path = ViewController.swift; sourceTree = "<group>"; };
		5A5D3F6A2A69B8990073068C /* Base */ = {isa = PBXFileReference; lastKnownFileType = file.storyboard; name = Base; path = Base.lproj/Main.storyboard; sourceTree = "<group>"; };
		5A5D3F6C2A69B89A0073068C /* Assets.xcassets */ = {isa = PBXFileReference; lastKnownFileType = folder.assetcatalog; path = Assets.xcassets; sourceTree = "<group>"; };
		5A5D3F6F2A69B89A0073068C /* Base */ = {isa = PBXFileReference; lastKnownFileType = file.storyboard; name = Base; path = Base.lproj/LaunchScreen.storyboard; sourceTree = "<group>"; };
		5A5D3F712A69B89A0073068C /* Info.plist */ = {isa = PBXFileReference; lastKnownFileType = text.plist.xml; path = Info.plist; sourceTree = "<group>"; };
		5A703F8B2A727F2100BBBA43 /* en */ = {isa = PBXFileReference; lastKnownFileType = text.plist.strings; name = en; path = en.lproj/Localizable.strings; sourceTree = "<group>"; };
		5A703F8D2A727F2900BBBA43 /* de */ = {isa = PBXFileReference; lastKnownFileType = text.plist.strings; name = de; path = de.lproj/Localizable.strings; sourceTree = "<group>"; };
		5A703F8E2A727F2900BBBA43 /* ru */ = {isa = PBXFileReference; lastKnownFileType = text.plist.strings; name = ru; path = ru.lproj/Localizable.strings; sourceTree = "<group>"; };
/* End PBXFileReference section */

/* Begin PBXFrameworksBuildPhase section */
		5A5D3F5D2A69B8990073068C /* Frameworks */ = {
			isa = PBXFrameworksBuildPhase;
			buildActionMask = 2147483647;
			files = (
			);
			runOnlyForDeploymentPostprocessing = 0;
		};
/* End PBXFrameworksBuildPhase section */

/* Begin PBXGroup section */
		5A5D3F572A69B8990073068C = {
			isa = PBXGroup;
			children = (
				5A5D3F622A69B8990073068C /* PolyglotFly */,
				5A5D3F612A69B8990073068C /* Products */,
			);
			sourceTree = "<group>";
		};
		5A5D3F612A69B8990073068C /* Products */ = {
			isa = PBXGroup;
			children = (
				5A5D3F602A69B8990073068C /* PolyglotFly.app */,
			);
			name = Products;
			sourceTree = "<group>";
		};
		5A5D3F622A69B8990073068C /* PolyglotFly */ = {
			isa = PBXGroup;
			children = (
				5A5D3F632A69B8990073068C /* AppDelegate.swift */,
				5A5D3F652A69B8990073068C /* SceneDelegate.swift */,
				5A5D3F672A69B8990073068C /* ViewController.swift */,
				5A703F8C2A727F2100BBBA43 /* Localizable.strings */,
				5A2473822A724DE60046F538 /* Numbers.stringsdict */,
				5A5D3F692A69B8990073068C /* Main.storyboard */,
				5A5D3F6C2A69B89A0073068C /* Assets.xcassets */,
				5A5D3F6E2A69B89A0073068C /* LaunchScreen.storyboard */,
				5A5D3F712A69B89A0073068C /* Info.plist */,
			);
			path = PolyglotFly;
			sourceTree = "<group>";
		};
/* End PBXGroup section */

/* Begin PBXNativeTarget section */
		5A5D3F5F2A69B8990073068C /* PolyglotFly */ = {
			isa = PBXNativeTarget;
			buildConfigurationList = 5A5D3F742A69B89A0073068C /* Build configuration list for PBXNativeTarget "PolyglotFly" */;
			buildPhases = (
				5A5D3F5C2A69B8990073068C /* Sources */,
				5A5D3F5D2A69B8990073068C /* Frameworks */,
				5A5D3F5E2A69B8990073068C /* Resources */,
			);
			buildRules = (
			);
			dependencies = (
			);
			name = PolyglotFly;
			productName = PolyglotFly;
			productReference = 5A5D3F602A69B8990073068C /* PolyglotFly.app */;
			productType = "com.apple.product-type.application";
		};
/* End PBXNativeTarget section */

/* Begin PBXProject section */
		5A5D3F582A69B8990073068C /* Project object */ = {
			isa = PBXProject;
			attributes = {
				BuildIndependentTargetsInParallel = 1;
				LastSwiftUpdateCheck = 1420;
				LastUpgradeCheck = 1420;
				TargetAttributes = {
					5A5D3F5F2A69B8990073068C = {
						CreatedOnToolsVersion = 14.2;
					};
				};
			};
			buildConfigurationList = 5A5D3F5B2A69B8990073068C /* Build configuration list for PBXProject "PolyglotFly" */;
			compatibilityVersion = "Xcode 14.0";
			developmentRegion = en;
			hasScannedForEncodings = 0;
			knownRegions = (
				en,
				Base,
				ru,
				de,
			);
			mainGroup = 5A5D3F572A69B8990073068C;
			productRefGroup = 5A5D3F612A69B8990073068C /* Products */;
			projectDirPath = "";
			projectRoot = "";
			targets = (
				5A5D3F5F2A69B8990073068C /* PolyglotFly */,
			);
		};
/* End PBXProject section */

/* Begin PBXResourcesBuildPhase section */
		5A5D3F5E2A69B8990073068C /* Resources */ = {
			isa = PBXResourcesBuildPhase;
			buildActionMask = 2147483647;
			files = (
				5A703F8A2A727F2100BBBA43 /* Localizable.strings in Resources */,
				5A5D3F702A69B89A0073068C /* LaunchScreen.storyboard in Resources */,
				5A5D3F6D2A69B89A0073068C /* Assets.xcassets in Resources */,
				5A5D3F6B2A69B8990073068C /* Main.storyboard in Resources */,
				5A2473802A724DE60046F538 /* Numbers.stringsdict in Resources */,
			);
			runOnlyForDeploymentPostprocessing = 0;
		};
/* End PBXResourcesBuildPhase section */

/* Begin PBXSourcesBuildPhase section */
		5A5D3F5C2A69B8990073068C /* Sources */ = {
			isa = PBXSourcesBuildPhase;
			buildActionMask = 2147483647;
			files = (
				5A5D3F682A69B8990073068C /* ViewController.swift in Sources */,
				5A5D3F642A69B8990073068C /* AppDelegate.swift in Sources */,
				5A5D3F662A69B8990073068C /* SceneDelegate.swift in Sources */,
			);
			runOnlyForDeploymentPostprocessing = 0;
		};
/* End PBXSourcesBuildPhase section */

/* Begin PBXVariantGroup section */
		5A2473822A724DE60046F538 /* Numbers.stringsdict */ = {
			isa = PBXVariantGroup;
			children = (
				5A2473812A724DE60046F538 /* en */,
				5A2473832A724DEB0046F538 /* de */,
				5A2473842A724DEC0046F538 /* ru */,
			);
			name = Numbers.stringsdict;
			sourceTree = "<group>";
		};
		5A5D3F692A69B8990073068C /* Main.storyboard */ = {
			isa = PBXVariantGroup;
			children = (
				5A5D3F6A2A69B8990073068C /* Base */,
				5A2473732A69BB530046F538 /* ru */,
				5A2473752A69BB680046F538 /* de */,
			);
			name = Main.storyboard;
			sourceTree = "<group>";
		};
		5A5D3F6E2A69B89A0073068C /* LaunchScreen.storyboard */ = {
			isa = PBXVariantGroup;
			children = (
				5A5D3F6F2A69B89A0073068C /* Base */,
				5A2473742A69BB530046F538 /* ru */,
				5A2473762A69BB680046F538 /* de */,
			);
			name = LaunchScreen.storyboard;
			sourceTree = "<group>";
		};
		5A703F8C2A727F2100BBBA43 /* Localizable.strings */ = {
			isa = PBXVariantGroup;
			children = (
				5A703F8B2A727F2100BBBA43 /* en */,
				5A703F8D2A727F2900BBBA43 /* de */,
				5A703F8E2A727F2900BBBA43 /* ru */,
			);
			name = Localizable.strings;
			sourceTree = "<group>";
		};
/* End PBXVariantGroup section */

/* Begin XCBuildConfiguration section */
		5A5D3F722A69B89A0073068C /* Debug */ = {
			isa = XCBuildConfiguration;
			buildSettings = {
				ALWAYS_SEARCH_USER_PATHS = NO;
				CLANG_ANALYZER_LOCALIZABILITY_NONLOCALIZED = YES;
				CLANG_ANALYZER_NONNULL = YES;
				CLANG_ANALYZER_NUMBER_OBJECT_CONVERSION = YES_AGGRESSIVE;
				CLANG_CXX_LANGUAGE_STANDARD = "gnu++20";
				CLANG_ENABLE_MODULES = YES;
				CLANG_ENABLE_OBJC_ARC = YES;
				CLANG_ENABLE_OBJC_WEAK = YES;
				CLANG_WARN_BLOCK_CAPTURE_AUTORELEASING = YES;
				CLANG_WARN_BOOL_CONVERSION = YES;
				CLANG_WARN_COMMA = YES;
				CLANG_WARN_CONSTANT_CONVERSION = YES;
				CLANG_WARN_DEPRECATED_OBJC_IMPLEMENTATIONS = YES;
				CLANG_WARN_DIRECT_OBJC_ISA_USAGE = YES_ERROR;
				CLANG_WARN_DOCUMENTATION_COMMENTS = YES;
				CLANG_WARN_EMPTY_BODY = YES;
				CLANG_WARN_ENUM_CONVERSION = YES;
				CLANG_WARN_INFINITE_RECURSION = YES;
				CLANG_WARN_INT_CONVERSION = YES;
				CLANG_WARN_NON_LITERAL_NULL_CONVERSION = YES;
				CLANG_WARN_OBJC_IMPLICIT_RETAIN_SELF = YES;
				CLANG_WARN_OBJC_LITERAL_CONVERSION = YES;
				CLANG_WARN_OBJC_ROOT_CLASS = YES_ERROR;
				CLANG_WARN_QUOTED_INCLUDE_IN_FRAMEWORK_HEADER = YES;
				CLANG_WARN_RANGE_LOOP_ANALYSIS = YES;
				CLANG_WARN_STRICT_PROTOTYPES = YES;
				CLANG_WARN_SUSPICIOUS_MOVE = YES;
				CLANG_WARN_UNGUARDED_AVAILABILITY = YES_AGGRESSIVE;
				CLANG_WARN_UNREACHABLE_CODE = YES;
				CLANG_WARN__DUPLICATE_METHOD_MATCH = YES;
				COPY_PHASE_STRIP = NO;
				DEBUG_INFORMATION_FORMAT = dwarf;
				ENABLE_STRICT_OBJC_MSGSEND = YES;
				ENABLE_TESTABILITY = YES;
				GCC_C_LANGUAGE_STANDARD = gnu11;
				GCC_DYNAMIC_NO_PIC = NO;
				GCC_NO_COMMON_BLOCKS = YES;
				GCC_OPTIMIZATION_LEVEL = 0;
				GCC_PREPROCESSOR_DEFINITIONS = (
					"DEBUG=1",
					"$(inherited)",
				);
				GCC_WARN_64_TO_32_BIT_CONVERSION = YES;
				GCC_WARN_ABOUT_RETURN_TYPE = YES_ERROR;
				GCC_WARN_UNDECLARED_SELECTOR = YES;
				GCC_WARN_UNINITIALIZED_AUTOS = YES_AGGRESSIVE;
				GCC_WARN_UNUSED_FUNCTION = YES;
				GCC_WARN_UNUSED_VARIABLE = YES;
				IPHONEOS_DEPLOYMENT_TARGET = 16.2;
				MTL_ENABLE_DEBUG_INFO = INCLUDE_SOURCE;
				MTL_FAST_MATH = YES;
				ONLY_ACTIVE_ARCH = YES;
				SDKROOT = iphoneos;
				SWIFT_ACTIVE_COMPILATION_CONDITIONS = DEBUG;
				SWIFT_OPTIMIZATION_LEVEL = "-Onone";
			};
			name = Debug;
		};
		5A5D3F732A69B89A0073068C /* Release */ = {
			isa = XCBuildConfiguration;
			buildSettings = {
				ALWAYS_SEARCH_USER_PATHS = NO;
				CLANG_ANALYZER_LOCALIZABILITY_NONLOCALIZED = YES;
				CLANG_ANALYZER_NONNULL = YES;
				CLANG_ANALYZER_NUMBER_OBJECT_CONVERSION = YES_AGGRESSIVE;
				CLANG_CXX_LANGUAGE_STANDARD = "gnu++20";
				CLANG_ENABLE_MODULES = YES;
				CLANG_ENABLE_OBJC_ARC = YES;
				CLANG_ENABLE_OBJC_WEAK = YES;
				CLANG_WARN_BLOCK_CAPTURE_AUTORELEASING = YES;
				CLANG_WARN_BOOL_CONVERSION = YES;
				CLANG_WARN_COMMA = YES;
				CLANG_WARN_CONSTANT_CONVERSION = YES;
				CLANG_WARN_DEPRECATED_OBJC_IMPLEMENTATIONS = YES;
				CLANG_WARN_DIRECT_OBJC_ISA_USAGE = YES_ERROR;
				CLANG_WARN_DOCUMENTATION_COMMENTS = YES;
				CLANG_WARN_EMPTY_BODY = YES;
				CLANG_WARN_ENUM_CONVERSION = YES;
				CLANG_WARN_INFINITE_RECURSION = YES;
				CLANG_WARN_INT_CONVERSION = YES;
				CLANG_WARN_NON_LITERAL_NULL_CONVERSION = YES;
				CLANG_WARN_OBJC_IMPLICIT_RETAIN_SELF = YES;
				CLANG_WARN_OBJC_LITERAL_CONVERSION = YES;
				CLANG_WARN_OBJC_ROOT_CLASS = YES_ERROR;
				CLANG_WARN_QUOTED_INCLUDE_IN_FRAMEWORK_HEADER = YES;
				CLANG_WARN_RANGE_LOOP_ANALYSIS = YES;
				CLANG_WARN_STRICT_PROTOTYPES = YES;
				CLANG_WARN_SUSPICIOUS_MOVE = YES;
				CLANG_WARN_UNGUARDED_AVAILABILITY = YES_AGGRESSIVE;
				CLANG_WARN_UNREACHABLE_CODE = YES;
				CLANG_WARN__DUPLICATE_METHOD_MATCH = YES;
				COPY_PHASE_STRIP = NO;
				DEBUG_INFORMATION_FORMAT = "dwarf-with-dsym";
				ENABLE_NS_ASSERTIONS = NO;
				ENABLE_STRICT_OBJC_MSGSEND = YES;
				GCC_C_LANGUAGE_STANDARD = gnu11;
				GCC_NO_COMMON_BLOCKS = YES;
				GCC_WARN_64_TO_32_BIT_CONVERSION = YES;
				GCC_WARN_ABOUT_RETURN_TYPE = YES_ERROR;
				GCC_WARN_UNDECLARED_SELECTOR = YES;
				GCC_WARN_UNINITIALIZED_AUTOS = YES_AGGRESSIVE;
				GCC_WARN_UNUSED_FUNCTION = YES;
				GCC_WARN_UNUSED_VARIABLE = YES;
				IPHONEOS_DEPLOYMENT_TARGET = 16.2;
				MTL_ENABLE_DEBUG_INFO = NO;
				MTL_FAST_MATH = YES;
				SDKROOT = iphoneos;
				SWIFT_COMPILATION_MODE = wholemodule;
				SWIFT_OPTIMIZATION_LEVEL = "-O";
				VALIDATE_PRODUCT = YES;
			};
			name = Release;
		};
		5A5D3F752A69B89A0073068C /* Debug */ = {
			isa = XCBuildConfiguration;
			buildSettings = {
				ASSETCATALOG_COMPILER_APPICON_NAME = AppIcon;
				ASSETCATALOG_COMPILER_GLOBAL_ACCENT_COLOR_NAME = AccentColor;
				CODE_SIGN_STYLE = Automatic;
				CURRENT_PROJECT_VERSION = 1;
				DEVELOPMENT_TEAM = VKPEBSVB5E;
				GENERATE_INFOPLIST_FILE = YES;
				INFOPLIST_FILE = PolyglotFly/Info.plist;
				INFOPLIST_KEY_UIApplicationSupportsIndirectInputEvents = YES;
				INFOPLIST_KEY_UILaunchStoryboardName = LaunchScreen;
				INFOPLIST_KEY_UIMainStoryboardFile = Main;
				INFOPLIST_KEY_UISupportedInterfaceOrientations_iPad = "UIInterfaceOrientationPortrait UIInterfaceOrientationPortraitUpsideDown UIInterfaceOrientationLandscapeLeft UIInterfaceOrientationLandscapeRight";
				INFOPLIST_KEY_UISupportedInterfaceOrientations_iPhone = "UIInterfaceOrientationPortrait UIInterfaceOrientationLandscapeLeft UIInterfaceOrientationLandscapeRight";
				LD_RUNPATH_SEARCH_PATHS = (
					"$(inherited)",
					"@executable_path/Frameworks",
				);
				MARKETING_VERSION = 1.0;
				PRODUCT_BUNDLE_IDENTIFIER = mobi.agsoft.PolyglotFly;
				PRODUCT_NAME = "$(TARGET_NAME)";
				SWIFT_EMIT_LOC_STRINGS = YES;
				SWIFT_VERSION = 5.0;
				TARGETED_DEVICE_FAMILY = "1,2";
			};
			name = Debug;
		};
		5A5D3F762A69B89A0073068C /* Release */ = {
			isa = XCBuildConfiguration;
			buildSettings = {
				ASSETCATALOG_COMPILER_APPICON_NAME = AppIcon;
				ASSETCATALOG_COMPILER_GLOBAL_ACCENT_COLOR_NAME = AccentColor;
				CODE_SIGN_STYLE = Automatic;
				CURRENT_PROJECT_VERSION = 1;
				DEVELOPMENT_TEAM = VKPEBSVB5E;
				GENERATE_INFOPLIST_FILE = YES;
				INFOPLIST_FILE = PolyglotFly/Info.plist;
				INFOPLIST_KEY_UIApplicationSupportsIndirectInputEvents = YES;
				INFOPLIST_KEY_UILaunchStoryboardName = LaunchScreen;
				INFOPLIST_KEY_UIMainStoryboardFile = Main;
				INFOPLIST_KEY_UISupportedInterfaceOrientations_iPad = "UIInterfaceOrientationPortrait UIInterfaceOrientationPortraitUpsideDown UIInterfaceOrientationLandscapeLeft UIInterfaceOrientationLandscapeRight";
				INFOPLIST_KEY_UISupportedInterfaceOrientations_iPhone = "UIInterfaceOrientationPortrait UIInterfaceOrientationLandscapeLeft UIInterfaceOrientationLandscapeRight";
				LD_RUNPATH_SEARCH_PATHS = (
					"$(inherited)",
					"@executable_path/Frameworks",
				);
				MARKETING_VERSION = 1.0;
				PRODUCT_BUNDLE_IDENTIFIER = mobi.agsoft.PolyglotFly;
				PRODUCT_NAME = "$(TARGET_NAME)";
				SWIFT_EMIT_LOC_STRINGS = YES;
				SWIFT_VERSION = 5.0;
				TARGETED_DEVICE_FAMILY = "1,2";
			};
			name = Release;
		};
/* End XCBuildConfiguration section */

/* Begin XCConfigurationList section */
		5A5D3F5B2A69B8990073068C /* Build configuration list for PBXProject "PolyglotFly" */ = {
			isa = XCConfigurationList;
			buildConfigurations = (
				5A5D3F722A69B89A0073068C /* Debug */,
				5A5D3F732A69B89A0073068C /* Release */,
			);
			defaultConfigurationIsVisible = 0;
			defaultConfigurationName = Release;
		};
		5A5D3F742A69B89A0073068C /* Build configuration list for PBXNativeTarget "PolyglotFly" */ = {
			isa = XCConfigurationList;
			buildConfigurations = (
				5A5D3F752A69B89A0073068C /* Debug */,
				5A5D3F762A69B89A0073068C /* Release */,
			);
			defaultConfigurationIsVisible = 0;
			defaultConfigurationName = Release;
		};
/* End XCConfigurationList section */
	};
	rootObject = 5A5D3F582A69B8990073068C /* Project object */;
}
